
Microsoft Visual Studio Solution File, Format Version 12.00
Project("{FAE04EC0-301F-11D3-BF4B-00C04F79EFBC}") = "Mdl.WebApi", "Mdl.WebApi\Mdl.WebApi.csproj", "{A84A56B4-3835-4B4A-8B74-03E727882865}"
EndProject
Project("{FAE04EC0-301F-11D3-BF4B-00C04F79EFBC}") = "Mdl.WebApi.Tests", "Mdl.WebApi.Tests\Mdl.WebApi.Tests.csproj", "{1BC6624F-8DD4-4134-B9B0-A85F40E0A8F3}"
EndProject
Global
	GlobalSection(SolutionConfigurationPlatforms) = preSolution
		Debug|Any CPU = Debug|Any CPU
		Release|Any CPU = Release|Any CPU
	EndGlobalSection
	GlobalSection(ProjectConfigurationPlatforms) = postSolution
		{A84A56B4-3835-4B4A-8B74-03E727882865}.Debug|Any CPU.ActiveCfg = Debug|Any CPU
		{A84A56B4-3835-4B4A-8B74-03E727882865}.Debug|Any CPU.Build.0 = Debug|Any CPU
		{A84A56B4-3835-4B4A-8B74-03E727882865}.Release|Any CPU.ActiveCfg = Release|Any CPU
		{A84A56B4-3835-4B4A-8B74-03E727882865}.Release|Any CPU.Build.0 = Release|Any CPU
		{1BC6624F-8DD4-4134-B9B0-A85F40E0A8F3}.Debug|Any CPU.ActiveCfg = Debug|Any CPU
		{1BC6624F-8DD4-4134-B9B0-A85F40E0A8F3}.Debug|Any CPU.Build.0 = Debug|Any CPU
		{1BC6624F-8DD4-4134-B9B0-A85F40E0A8F3}.Release|Any CPU.ActiveCfg = Release|Any CPU
		{1BC6624F-8DD4-4134-B9B0-A85F40E0A8F3}.Release|Any CPU.Build.0 = Release|Any CPU
	EndGlobalSection
EndGlobal
